
Microsoft Visual Studio Solution File, Format Version 12.00
# Visual Studio 15
VisualStudioVersion = 15.0.28307.438
MinimumVisualStudioVersion = 10.0.40219.1
Project("{FAE04EC0-301F-11D3-BF4B-00C04F79EFBC}") = "TFSBuild", "TFSBuild\TFSBuild.csproj", "{B8BF2F04-84B0-49B5-A4D1-C94C45D68A2F}"
EndProject
Global
	GlobalSection(SolutionConfigurationPlatforms) = preSolution
		Debug|Any CPU = Debug|Any CPU
		Release|Any CPU = Release|Any CPU
	EndGlobalSection
	GlobalSection(ProjectConfigurationPlatforms) = postSolution
		{B8BF2F04-84B0-49B5-A4D1-C94C45D68A2F}.Debug|Any CPU.ActiveCfg = Debug|Any CPU
		{B8BF2F04-84B0-49B5-A4D1-C94C45D68A2F}.Debug|Any CPU.Build.0 = Debug|Any CPU
		{B8BF2F04-84B0-49B5-A4D1-C94C45D68A2F}.Release|Any CPU.ActiveCfg = Release|Any CPU
		{B8BF2F04-84B0-49B5-A4D1-C94C45D68A2F}.Release|Any CPU.Build.0 = Release|Any CPU
	EndGlobalSection
	GlobalSection(SolutionProperties) = preSolution
		HideSolutionNode = FALSE
	EndGlobalSection
	GlobalSection(ExtensibilityGlobals) = postSolution
		SolutionGuid = {0A58978D-22CB-404E-BC7D-4CF18F9F3457}
	EndGlobalSection
EndGlobal
